// !$*UTF8*$!
{
	archiveVersion = 1;
	classes = {
	};
	objectVersion = 46;
	objects = {

/* Begin PBXBuildFile section */
		950408331CD002FC0044E225 /* AppDelegate.swift in Sources */ = {isa = PBXBuildFile; fileRef = 950408321CD002FC0044E225 /* AppDelegate.swift */; };
		950408351CD002FC0044E225 /* ViewController.swift in Sources */ = {isa = PBXBuildFile; fileRef = 950408341CD002FC0044E225 /* ViewController.swift */; };
		950408381CD002FC0044E225 /* Main.storyboard in Resources */ = {isa = PBXBuildFile; fileRef = 950408361CD002FC0044E225 /* Main.storyboard */; };
		9504083A1CD002FC0044E225 /* Assets.xcassets in Resources */ = {isa = PBXBuildFile; fileRef = 950408391CD002FC0044E225 /* Assets.xcassets */; };
		9504083D1CD002FC0044E225 /* LaunchScreen.storyboard in Resources */ = {isa = PBXBuildFile; fileRef = 9504083B1CD002FC0044E225 /* LaunchScreen.storyboard */; };
		950408451CD039870044E225 /* WhatsUp.mp3 in Resources */ = {isa = PBXBuildFile; fileRef = 950408441CD039870044E225 /* WhatsUp.mp3 */; };
/* End PBXBuildFile section */

/* Begin PBXFileReference section */
		9504082F1CD002FC0044E225 /* MusicPlayer.app */ = {isa = PBXFileReference; explicitFileType = wrapper.application; includeInIndex = 0; path = MusicPlayer.app; sourceTree = BUILT_PRODUCTS_DIR; };
		950408321CD002FC0044E225 /* AppDelegate.swift */ = {isa = PBXFileReference; lastKnownFileType = sourcecode.swift; path = AppDelegate.swift; sourceTree = "<group>"; };
		950408341CD002FC0044E225 /* ViewController.swift */ = {isa = PBXFileReference; lastKnownFileType = sourcecode.swift; path = ViewController.swift; sourceTree = "<group>"; };
		950408371CD002FC0044E225 /* Base */ = {isa = PBXFileReference; lastKnownFileType = file.storyboard; name = Base; path = Base.lproj/Main.storyboard; sourceTree = "<group>"; };
		950408391CD002FC0044E225 /* Assets.xcassets */ = {isa = PBXFileReference; lastKnownFileType = folder.assetcatalog; path = Assets.xcassets; sourceTree = "<group>"; };
		9504083C1CD002FC0044E225 /* Base */ = {isa = PBXFileReference; lastKnownFileType = file.storyboard; name = Base; path = Base.lproj/LaunchScreen.storyboard; sourceTree = "<group>"; };
		9504083E1CD002FC0044E225 /* Info.plist */ = {isa = PBXFileReference; lastKnownFileType = text.plist.xml; path = Info.plist; sourceTree = "<group>"; };
		950408441CD039870044E225 /* WhatsUp.mp3 */ = {isa = PBXFileReference; lastKnownFileType = audio.mp3; path = WhatsUp.mp3; sourceTree = "<group>"; };
/* End PBXFileReference section */

/* Begin PBXFrameworksBuildPhase section */
		9504082C1CD002FC0044E225 /* Frameworks */ = {
			isa = PBXFrameworksBuildPhase;
			buildActionMask = 2147483647;
			files = (
			);
			runOnlyForDeploymentPostprocessing = 0;
		};
/* End PBXFrameworksBuildPhase section */

/* Begin PBXGroup section */
		950408261CD002FC0044E225 = {
			isa = PBXGroup;
			children = (
				950408311CD002FC0044E225 /* MusicPlayer */,
				950408301CD002FC0044E225 /* Products */,
			);
			sourceTree = "<group>";
		};
		950408301CD002FC0044E225 /* Products */ = {
			isa = PBXGroup;
			children = (
				9504082F1CD002FC0044E225 /* MusicPlayer.app */,
			);
			name = Products;
			sourceTree = "<group>";
		};
		950408311CD002FC0044E225 /* MusicPlayer */ = {
			isa = PBXGroup;
			children = (
				950408321CD002FC0044E225 /* AppDelegate.swift */,
				950408341CD002FC0044E225 /* ViewController.swift */,
				950408361CD002FC0044E225 /* Main.storyboard */,
				950408391CD002FC0044E225 /* Assets.xcassets */,
				950408441CD039870044E225 /* WhatsUp.mp3 */,
				9504083B1CD002FC0044E225 /* LaunchScreen.storyboard */,
				9504083E1CD002FC0044E225 /* Info.plist */,
			);
			path = MusicPlayer;
			sourceTree = "<group>";
		};
/* End PBXGroup section */

/* Begin PBXNativeTarget section */
		9504082E1CD002FC0044E225 /* MusicPlayer */ = {
			isa = PBXNativeTarget;
			buildConfigurationList = 950408411CD002FC0044E225 /* Build configuration list for PBXNativeTarget "MusicPlayer" */;
			buildPhases = (
				9504082B1CD002FC0044E225 /* Sources */,
				9504082C1CD002FC0044E225 /* Frameworks */,
				9504082D1CD002FC0044E225 /* Resources */,
			);
			buildRules = (
			);
			dependencies = (
			);
			name = MusicPlayer;
			productName = MusicPlayer;
			productReference = 9504082F1CD002FC0044E225 /* MusicPlayer.app */;
			productType = "com.apple.product-type.application";
		};
/* End PBXNativeTarget section */

/* Begin PBXProject section */
		950408271CD002FC0044E225 /* Project object */ = {
			isa = PBXProject;
			attributes = {
				LastSwiftUpdateCheck = 0730;
				LastUpgradeCheck = 0730;
				ORGANIZATIONNAME = TarynParker;
				TargetAttributes = {
					9504082E1CD002FC0044E225 = {
						CreatedOnToolsVersion = 7.3;
					};
				};
			};
			buildConfigurationList = 9504082A1CD002FC0044E225 /* Build configuration list for PBXProject "MusicPlayer" */;
			compatibilityVersion = "Xcode 3.2";
			developmentRegion = English;
			hasScannedForEncodings = 0;
			knownRegions = (
				en,
				Base,
			);
			mainGroup = 950408261CD002FC0044E225;
			productRefGroup = 950408301CD002FC0044E225 /* Products */;
			projectDirPath = "";
			projectRoot = "";
			targets = (
				9504082E1CD002FC0044E225 /* MusicPlayer */,
			);
		};
/* End PBXProject section */

/* Begin PBXResourcesBuildPhase section */
		9504082D1CD002FC0044E225 /* Resources */ = {
			isa = PBXResourcesBuildPhase;
			buildActionMask = 2147483647;
			files = (
				9504083D1CD002FC0044E225 /* LaunchScreen.storyboard in Resources */,
				950408451CD039870044E225 /* WhatsUp.mp3 in Resources */,
				9504083A1CD002FC0044E225 /* Assets.xcassets in Resources */,
				950408381CD002FC0044E225 /* Main.storyboard in Resources */,
			);
			runOnlyForDeploymentPostprocessing = 0;
		};
/* End PBXResourcesBuildPhase section */

/* Begin PBXSourcesBuildPhase section */
		9504082B1CD002FC0044E225 /* Sources */ = {
			isa = PBXSourcesBuildPhase;
			buildActionMask = 2147483647;
			files = (
				950408351CD002FC0044E225 /* ViewController.swift in Sources */,
				950408331CD002FC0044E225 /* AppDelegate.swift in Sources */,
			);
			runOnlyForDeploymentPostprocessing = 0;
		};
/* End PBXSourcesBuildPhase section */

/* Begin PBXVariantGroup section */
		950408361CD002FC0044E225 /* Main.storyboard */ = {
			isa = PBXVariantGroup;
			children = (
				950408371CD002FC0044E225 /* Base */,
			);
			name = Main.storyboard;
			sourceTree = "<group>";
		};
		9504083B1CD002FC0044E225 /* LaunchScreen.storyboard */ = {
			isa = PBXVariantGroup;
			children = (
				9504083C1CD002FC0044E225 /* Base */,
			);
			name = LaunchScreen.storyboard;
			sourceTree = "<group>";
		};
/* End PBXVariantGroup section */

/* Begin XCBuildConfiguration section */
		9504083F1CD002FC0044E225 /* Debug */ = {
			isa = XCBuildConfiguration;
			buildSettings = {
				ALWAYS_SEARCH_USER_PATHS = NO;
				CLANG_ANALYZER_NONNULL = YES;
				CLANG_CXX_LANGUAGE_STANDARD = "gnu++0x";
				CLANG_CXX_LIBRARY = "libc++";
				CLANG_ENABLE_MODULES = YES;
				CLANG_ENABLE_OBJC_ARC = YES;
				CLANG_WARN_BOOL_CONVERSION = YES;
				CLANG_WARN_CONSTANT_CONVERSION = YES;
				CLANG_WARN_DIRECT_OBJC_ISA_USAGE = YES_ERROR;
				CLANG_WARN_EMPTY_BODY = YES;
				CLANG_WARN_ENUM_CONVERSION = YES;
				CLANG_WARN_INT_CONVERSION = YES;
				CLANG_WARN_OBJC_ROOT_CLASS = YES_ERROR;
				CLANG_WARN_UNREACHABLE_CODE = YES;
				CLANG_WARN__DUPLICATE_METHOD_MATCH = YES;
				"CODE_SIGN_IDENTITY[sdk=iphoneos*]" = "iPhone Developer";
				COPY_PHASE_STRIP = NO;
				DEBUG_INFORMATION_FORMAT = dwarf;
				ENABLE_STRICT_OBJC_MSGSEND = YES;
				ENABLE_TESTABILITY = YES;
				GCC_C_LANGUAGE_STANDARD = gnu99;
				GCC_DYNAMIC_NO_PIC = NO;
				GCC_NO_COMMON_BLOCKS = YES;
				GCC_OPTIMIZATION_LEVEL = 0;
				GCC_PREPROCESSOR_DEFINITIONS = (
					"DEBUG=1",
					"$(inherited)",
				);
				GCC_WARN_64_TO_32_BIT_CONVERSION = YES;
				GCC_WARN_ABOUT_RETURN_TYPE = YES_ERROR;
				GCC_WARN_UNDECLARED_SELECTOR = YES;
				GCC_WARN_UNINITIALIZED_AUTOS = YES_AGGRESSIVE;
				GCC_WARN_UNUSED_FUNCTION = YES;
				GCC_WARN_UNUSED_VARIABLE = YES;
				IPHONEOS_DEPLOYMENT_TARGET = 9.3;
				MTL_ENABLE_DEBUG_INFO = YES;
				ONLY_ACTIVE_ARCH = YES;
				SDKROOT = iphoneos;
				SWIFT_OPTIMIZATION_LEVEL = "-Onone";
				TARGETED_DEVICE_FAMILY = "1,2";
			};
			name = Debug;
		};
		950408401CD002FC0044E225 /* Release */ = {
			isa = XCBuildConfiguration;
			buildSettings = {
				ALWAYS_SEARCH_USER_PATHS = NO;
				CLANG_ANALYZER_NONNULL = YES;
				CLANG_CXX_LANGUAGE_STANDARD = "gnu++0x";
				CLANG_CXX_LIBRARY = "libc++";
				CLANG_ENABLE_MODULES = YES;
				CLANG_ENABLE_OBJC_ARC = YES;
				CLANG_WARN_BOOL_CONVERSION = YES;
				CLANG_WARN_CONSTANT_CONVERSION = YES;
				CLANG_WARN_DIRECT_OBJC_ISA_USAGE = YES_ERROR;
				CLANG_WARN_EMPTY_BODY = YES;
				CLANG_WARN_ENUM_CONVERSION = YES;
				CLANG_WARN_INT_CONVERSION = YES;
				CLANG_WARN_OBJC_ROOT_CLASS = YES_ERROR;
				CLANG_WARN_UNREACHABLE_CODE = YES;
				CLANG_WARN__DUPLICATE_METHOD_MATCH = YES;
				"CODE_SIGN_IDENTITY[sdk=iphoneos*]" = "iPhone Developer";
				COPY_PHASE_STRIP = NO;
				DEBUG_INFORMATION_FORMAT = "dwarf-with-dsym";
				ENABLE_NS_ASSERTIONS = NO;
				ENABLE_STRICT_OBJC_MSGSEND = YES;
				GCC_C_LANGUAGE_STANDARD = gnu99;
				GCC_NO_COMMON_BLOCKS = YES;
				GCC_WARN_64_TO_32_BIT_CONVERSION = YES;
				GCC_WARN_ABOUT_RETURN_TYPE = YES_ERROR;
				GCC_WARN_UNDECLARED_SELECTOR = YES;
				GCC_WARN_UNINITIALIZED_AUTOS = YES_AGGRESSIVE;
				GCC_WARN_UNUSED_FUNCTION = YES;
				GCC_WARN_UNUSED_VARIABLE = YES;
				IPHONEOS_DEPLOYMENT_TARGET = 9.3;
				MTL_ENABLE_DEBUG_INFO = NO;
				SDKROOT = iphoneos;
				TARGETED_DEVICE_FAMILY = "1,2";
				VALIDATE_PRODUCT = YES;
			};
			name = Release;
		};
		950408421CD002FC0044E225 /* Debug */ = {
			isa = XCBuildConfiguration;
			buildSettings = {
				ASSETCATALOG_COMPILER_APPICON_NAME = AppIcon;
				INFOPLIST_FILE = MusicPlayer/Info.plist;
				LD_RUNPATH_SEARCH_PATHS = "$(inherited) @executable_path/Frameworks";
				PRODUCT_BUNDLE_IDENTIFIER = com.TarynParker.MusicPlayer;
				PRODUCT_NAME = "$(TARGET_NAME)";
			};
			name = Debug;
		};
		950408431CD002FC0044E225 /* Release */ = {
			isa = XCBuildConfiguration;
			buildSettings = {
				ASSETCATALOG_COMPILER_APPICON_NAME = AppIcon;
				INFOPLIST_FILE = MusicPlayer/Info.plist;
				LD_RUNPATH_SEARCH_PATHS = "$(inherited) @executable_path/Frameworks";
				PRODUCT_BUNDLE_IDENTIFIER = com.TarynParker.MusicPlayer;
				PRODUCT_NAME = "$(TARGET_NAME)";
			};
			name = Release;
		};
/* End XCBuildConfiguration section */

/* Begin XCConfigurationList section */
		9504082A1CD002FC0044E225 /* Build configuration list for PBXProject "MusicPlayer" */ = {
			isa = XCConfigurationList;
			buildConfigurations = (
				9504083F1CD002FC0044E225 /* Debug */,
				950408401CD002FC0044E225 /* Release */,
			);
			defaultConfigurationIsVisible = 0;
			defaultConfigurationName = Release;
		};
		950408411CD002FC0044E225 /* Build configuration list for PBXNativeTarget "MusicPlayer" */ = {
			isa = XCConfigurationList;
			buildConfigurations = (
				950408421CD002FC0044E225 /* Debug */,
				950408431CD002FC0044E225 /* Release */,
			);
			defaultConfigurationIsVisible = 0;
		};
/* End XCConfigurationList section */
	};
	rootObject = 950408271CD002FC0044E225 /* Project object */;
}
